
Microsoft Visual Studio Solution File, Format Version 12.00
Project("{FAE04EC0-301F-11D3-BF4B-00C04F79EFBC}") = "ExamModul2", "ExamModul2.csproj", "{31992AA0-16D9-4F16-84EF-7021DA36C2A6}"
EndProject
Global
	GlobalSection(SolutionConfigurationPlatforms) = preSolution
		Debug|Any CPU = Debug|Any CPU
		Release|Any CPU = Release|Any CPU
	EndGlobalSection
	GlobalSection(ProjectConfigurationPlatforms) = postSolution
		{31992AA0-16D9-4F16-84EF-7021DA36C2A6}.Debug|Any CPU.ActiveCfg = Debug|Any CPU
		{31992AA0-16D9-4F16-84EF-7021DA36C2A6}.Debug|Any CPU.Build.0 = Debug|Any CPU
		{31992AA0-16D9-4F16-84EF-7021DA36C2A6}.Release|Any CPU.ActiveCfg = Release|Any CPU
		{31992AA0-16D9-4F16-84EF-7021DA36C2A6}.Release|Any CPU.Build.0 = Release|Any CPU
	EndGlobalSection
EndGlobal
